Microsoft Visual Studio Solution File, Format Version 12.00
# Visual Studio Version 17
VisualStudioVersion = 17.9.34321.82
MinimumVisualStudioVersion = 10.0.40219.1
Project("{9A19103F-16F7-4668-BE54-9A1E7A4F7556}") = "AspireApp1.AppHost", "AspireApp1.AppHost\AspireApp1.AppHost.csproj", "{97D997A8-4589-4004-B58A-E5BD72DCB520}"
EndProject
Project("{9A19103F-16F7-4668-BE54-9A1E7A4F7556}") = "AspireApp1.ServiceDefaults", "AspireApp1.ServiceDefaults\AspireApp1.ServiceDefaults.csproj", "{DF67DC80-5DB3-4DA7-A146-A6477946FD8B}"
EndProject
Project("{9A19103F-16F7-4668-BE54-9A1E7A4F7556}") = "Users.Api", "Users.Api\Users.Api.csproj", "{A7E6E946-4973-457D-BB12-FEC08D6BAB31}"
EndProject
Project("{9A19103F-16F7-4668-BE54-9A1E7A4F7556}") = "Products.Api", "Products.Api\Products.Api.csproj", "{1AB0429F-560F-4C98-88F5-B097CFC0288F}"
EndProject
Project("{2150E333-8FDC-42A3-9474-1A3956D46DE8}") = "APIs", "APIs", "{9D1C3DEA-BE8B-4675-90F0-489CFD7EDA7C}"
EndProject
Project("{9A19103F-16F7-4668-BE54-9A1E7A4F7556}") = "Yarp.Gateway", "Yarp.Gateway\Yarp.Gateway.csproj", "{1951945A-E6A2-4828-A29A-B004ADBAE6F5}"
EndProject
Project("{9A19103F-16F7-4668-BE54-9A1E7A4F7556}") = "AspireApp1.Web", "AspireApp1.Web\AspireApp1.Web.csproj", "{FFF1BCF2-98BA-4D56-A256-D56BDA19CEB8}"
EndProject
Project("{9A19103F-16F7-4668-BE54-9A1E7A4F7556}") = "AspireApp1.ApiService", "AspireApp1.ApiService\AspireApp1.ApiService.csproj", "{3E5FDA1D-2976-4986-BFB0-97037A63D0BE}"
EndProject
Global
	GlobalSection(SolutionConfigurationPlatforms) = preSolution
		Debug|Any CPU = Debug|Any CPU
		Release|Any CPU = Release|Any CPU
	EndGlobalSection
	GlobalSection(ProjectConfigurationPlatforms) = postSolution
		{97D997A8-4589-4004-B58A-E5BD72DCB520}.Debug|Any CPU.ActiveCfg = Debug|Any CPU
		{97D997A8-4589-4004-B58A-E5BD72DCB520}.Debug|Any CPU.Build.0 = Debug|Any CPU
		{97D997A8-4589-4004-B58A-E5BD72DCB520}.Release|Any CPU.ActiveCfg = Release|Any CPU
		{97D997A8-4589-4004-B58A-E5BD72DCB520}.Release|Any CPU.Build.0 = Release|Any CPU
		{DF67DC80-5DB3-4DA7-A146-A6477946FD8B}.Debug|Any CPU.ActiveCfg = Debug|Any CPU
		{DF67DC80-5DB3-4DA7-A146-A6477946FD8B}.Debug|Any CPU.Build.0 = Debug|Any CPU
		{DF67DC80-5DB3-4DA7-A146-A6477946FD8B}.Release|Any CPU.ActiveCfg = Release|Any CPU
		{DF67DC80-5DB3-4DA7-A146-A6477946FD8B}.Release|Any CPU.Build.0 = Release|Any CPU
		{A7E6E946-4973-457D-BB12-FEC08D6BAB31}.Debug|Any CPU.ActiveCfg = Debug|Any CPU
		{A7E6E946-4973-457D-BB12-FEC08D6BAB31}.Debug|Any CPU.Build.0 = Debug|Any CPU
		{A7E6E946-4973-457D-BB12-FEC08D6BAB31}.Release|Any CPU.ActiveCfg = Release|Any CPU
		{A7E6E946-4973-457D-BB12-FEC08D6BAB31}.Release|Any CPU.Build.0 = Release|Any CPU
		{1AB0429F-560F-4C98-88F5-B097CFC0288F}.Debug|Any CPU.ActiveCfg = Debug|Any CPU
		{1AB0429F-560F-4C98-88F5-B097CFC0288F}.Debug|Any CPU.Build.0 = Debug|Any CPU
		{1AB0429F-560F-4C98-88F5-B097CFC0288F}.Release|Any CPU.ActiveCfg = Release|Any CPU
		{1AB0429F-560F-4C98-88F5-B097CFC0288F}.Release|Any CPU.Build.0 = Release|Any CPU
		{1951945A-E6A2-4828-A29A-B004ADBAE6F5}.Debug|Any CPU.ActiveCfg = Debug|Any CPU
		{1951945A-E6A2-4828-A29A-B004ADBAE6F5}.Debug|Any CPU.Build.0 = Debug|Any CPU
		{1951945A-E6A2-4828-A29A-B004ADBAE6F5}.Release|Any CPU.ActiveCfg = Release|Any CPU
		{1951945A-E6A2-4828-A29A-B004ADBAE6F5}.Release|Any CPU.Build.0 = Release|Any CPU
		{FFF1BCF2-98BA-4D56-A256-D56BDA19CEB8}.Debug|Any CPU.ActiveCfg = Debug|Any CPU
		{FFF1BCF2-98BA-4D56-A256-D56BDA19CEB8}.Debug|Any CPU.Build.0 = Debug|Any CPU
		{FFF1BCF2-98BA-4D56-A256-D56BDA19CEB8}.Release|Any CPU.ActiveCfg = Release|Any CPU
		{FFF1BCF2-98BA-4D56-A256-D56BDA19CEB8}.Release|Any CPU.Build.0 = Release|Any CPU
		{3E5FDA1D-2976-4986-BFB0-97037A63D0BE}.Debug|Any CPU.ActiveCfg = Debug|Any CPU
		{3E5FDA1D-2976-4986-BFB0-97037A63D0BE}.Debug|Any CPU.Build.0 = Debug|Any CPU
		{3E5FDA1D-2976-4986-BFB0-97037A63D0BE}.Release|Any CPU.ActiveCfg = Release|Any CPU
		{3E5FDA1D-2976-4986-BFB0-97037A63D0BE}.Release|Any CPU.Build.0 = Release|Any CPU
	EndGlobalSection
	GlobalSection(SolutionProperties) = preSolution
		HideSolutionNode = FALSE
	EndGlobalSection
	GlobalSection(NestedProjects) = preSolution
		{A7E6E946-4973-457D-BB12-FEC08D6BAB31} = {9D1C3DEA-BE8B-4675-90F0-489CFD7EDA7C}
		{1AB0429F-560F-4C98-88F5-B097CFC0288F} = {9D1C3DEA-BE8B-4675-90F0-489CFD7EDA7C}
		{3E5FDA1D-2976-4986-BFB0-97037A63D0BE} = {9D1C3DEA-BE8B-4675-90F0-489CFD7EDA7C}
	EndGlobalSection
	GlobalSection(ExtensibilityGlobals) = postSolution
		SolutionGuid = {654E2D73-1747-460D-B6B8-42621F4C9782}
	EndGlobalSection
EndGlobal
